
Microsoft Visual Studio Solution File, Format Version 12.00
# Visual Studio 15
Project("{FAE04EC0-301F-11D3-BF4B-00C04F79EFBC}") = "ListVst", "ListVst\ListVst.csproj", "{C8EDC8BB-E813-493C-8F8A-E92601D7267B}"
EndProject
Project("{FAE04EC0-301F-11D3-BF4B-00C04F79EFBC}") = "ListVst.Tests", "ListVst.Tests\ListVst.Tests.csproj", "{49FA4627-2660-4177-831D-87E5D1B05C67}"
EndProject
Project("{FAE04EC0-301F-11D3-BF4B-00C04F79EFBC}") = "Common", "Common\Common.csproj", "{9816006D-DCE0-4410-969B-1A72067A8A7F}"
EndProject
Project("{2150E333-8FDC-42A3-9474-1A3956D46DE8}") = "Tests", "Tests", "{8CE48F69-700C-4677-8EC6-DFF46F114683}"
EndProject
Project("{FAE04EC0-301F-11D3-BF4B-00C04F79EFBC}") = "Common.Tests", "Common.Tests\Common.Tests.csproj", "{098E7EC2-8C47-4E45-A520-E15E640FF409}"
EndProject
Project("{FAE04EC0-301F-11D3-BF4B-00C04F79EFBC}") = "Processing.AbletonLive", "Processing.AbletonLive\Processing.AbletonLive.csproj", "{9BFC1F8A-23D8-4E83-9BCD-3F94058F9B89}"
EndProject
Project("{FAE04EC0-301F-11D3-BF4B-00C04F79EFBC}") = "Processing.StudioOne", "Processing.StudioOne\Processing.StudioOne.csproj", "{D14E80B6-CF1D-4778-AD72-99EDBAC4167D}"
EndProject
Project("{FAE04EC0-301F-11D3-BF4B-00C04F79EFBC}") = "AbletonLive.Tests", "AbletonLive.Tests\AbletonLive.Tests.csproj", "{2DE35E37-C924-47FE-B6A2-072CBE4C280F}"
EndProject
Project("{FAE04EC0-301F-11D3-BF4B-00C04F79EFBC}") = "StudioOne.Tests", "StudioOne.Tests\StudioOne.Tests.csproj", "{712B5223-1C2C-4E95-8D39-D63CDD9110AA}"
EndProject
Project("{FAE04EC0-301F-11D3-BF4B-00C04F79EFBC}") = "OutputFormatting", "OutputFormatting\OutputFormatting.csproj", "{48D20FBD-64D7-4AD7-BABB-C3DB3770AD17}"
EndProject
Project("{FAE04EC0-301F-11D3-BF4B-00C04F79EFBC}") = "OutputFormatting.Tests", "OutputFormatting.Tests\OutputFormatting.Tests.csproj", "{BD369969-1B5D-4FC1-BCF8-C4BADC177E18}"
EndProject
Project("{FAE04EC0-301F-11D3-BF4B-00C04F79EFBC}") = "OutputFormatting.TxtFile", "OutputFormatting.TxtFile\OutputFormatting.TxtFile.csproj", "{13B8F61E-AD2F-4A74-AEE0-8440CCF48C7A}"
EndProject
Project("{FAE04EC0-301F-11D3-BF4B-00C04F79EFBC}") = "OutputFormatting.TxtFile.Tests", "OutputFormatting.TxtFile.Tests\OutputFormatting.TxtFile.Tests.csproj", "{B21EFF9C-4245-4988-BEFC-80D503D08930}"
EndProject
Project("{FAE04EC0-301F-11D3-BF4B-00C04F79EFBC}") = "OutputFormatting.HtmlFile", "OutputFormatting.HtmlFile\OutputFormatting.HtmlFile.csproj", "{D1043282-52B9-4E51-A9B9-D59F7EFC8B2C}"
EndProject
Project("{FAE04EC0-301F-11D3-BF4B-00C04F79EFBC}") = "OutputFormatting.HtmlFile.Tests", "OutputFormatting.HtmlFile.Tests\OutputFormatting.HtmlFile.Tests.csproj", "{974BF287-118B-48DE-A030-D152DF03ABCB}"
EndProject
Project("{FAE04EC0-301F-11D3-BF4B-00C04F79EFBC}") = "Processing", "Processing\Processing.csproj", "{2A97577E-7881-4699-9A23-BD52BFABF769}"
EndProject
Project("{FAE04EC0-301F-11D3-BF4B-00C04F79EFBC}") = "Processing.Tests", "Processing.Tests\Processing.Tests.csproj", "{CB45169A-64A5-491D-AD2B-FB831CF82F12}"
EndProject
Global
	GlobalSection(SolutionConfigurationPlatforms) = preSolution
		Debug|Any CPU = Debug|Any CPU
		Release|Any CPU = Release|Any CPU
	EndGlobalSection
	GlobalSection(ProjectConfigurationPlatforms) = postSolution
		{C8EDC8BB-E813-493C-8F8A-E92601D7267B}.Debug|Any CPU.ActiveCfg = Debug|Any CPU
		{C8EDC8BB-E813-493C-8F8A-E92601D7267B}.Debug|Any CPU.Build.0 = Debug|Any CPU
		{C8EDC8BB-E813-493C-8F8A-E92601D7267B}.Release|Any CPU.ActiveCfg = Release|Any CPU
		{C8EDC8BB-E813-493C-8F8A-E92601D7267B}.Release|Any CPU.Build.0 = Release|Any CPU
		{49FA4627-2660-4177-831D-87E5D1B05C67}.Debug|Any CPU.ActiveCfg = Debug|Any CPU
		{49FA4627-2660-4177-831D-87E5D1B05C67}.Debug|Any CPU.Build.0 = Debug|Any CPU
		{49FA4627-2660-4177-831D-87E5D1B05C67}.Release|Any CPU.ActiveCfg = Release|Any CPU
		{49FA4627-2660-4177-831D-87E5D1B05C67}.Release|Any CPU.Build.0 = Release|Any CPU
		{9816006D-DCE0-4410-969B-1A72067A8A7F}.Debug|Any CPU.ActiveCfg = Debug|Any CPU
		{9816006D-DCE0-4410-969B-1A72067A8A7F}.Debug|Any CPU.Build.0 = Debug|Any CPU
		{9816006D-DCE0-4410-969B-1A72067A8A7F}.Release|Any CPU.ActiveCfg = Release|Any CPU
		{9816006D-DCE0-4410-969B-1A72067A8A7F}.Release|Any CPU.Build.0 = Release|Any CPU
		{098E7EC2-8C47-4E45-A520-E15E640FF409}.Debug|Any CPU.ActiveCfg = Debug|Any CPU
		{098E7EC2-8C47-4E45-A520-E15E640FF409}.Debug|Any CPU.Build.0 = Debug|Any CPU
		{098E7EC2-8C47-4E45-A520-E15E640FF409}.Release|Any CPU.ActiveCfg = Release|Any CPU
		{098E7EC2-8C47-4E45-A520-E15E640FF409}.Release|Any CPU.Build.0 = Release|Any CPU
		{9BFC1F8A-23D8-4E83-9BCD-3F94058F9B89}.Debug|Any CPU.ActiveCfg = Debug|Any CPU
		{9BFC1F8A-23D8-4E83-9BCD-3F94058F9B89}.Debug|Any CPU.Build.0 = Debug|Any CPU
		{9BFC1F8A-23D8-4E83-9BCD-3F94058F9B89}.Release|Any CPU.ActiveCfg = Release|Any CPU
		{9BFC1F8A-23D8-4E83-9BCD-3F94058F9B89}.Release|Any CPU.Build.0 = Release|Any CPU
		{D14E80B6-CF1D-4778-AD72-99EDBAC4167D}.Debug|Any CPU.ActiveCfg = Debug|Any CPU
		{D14E80B6-CF1D-4778-AD72-99EDBAC4167D}.Debug|Any CPU.Build.0 = Debug|Any CPU
		{D14E80B6-CF1D-4778-AD72-99EDBAC4167D}.Release|Any CPU.ActiveCfg = Release|Any CPU
		{D14E80B6-CF1D-4778-AD72-99EDBAC4167D}.Release|Any CPU.Build.0 = Release|Any CPU
		{2DE35E37-C924-47FE-B6A2-072CBE4C280F}.Debug|Any CPU.ActiveCfg = Debug|Any CPU
		{2DE35E37-C924-47FE-B6A2-072CBE4C280F}.Debug|Any CPU.Build.0 = Debug|Any CPU
		{2DE35E37-C924-47FE-B6A2-072CBE4C280F}.Release|Any CPU.ActiveCfg = Release|Any CPU
		{2DE35E37-C924-47FE-B6A2-072CBE4C280F}.Release|Any CPU.Build.0 = Release|Any CPU
		{712B5223-1C2C-4E95-8D39-D63CDD9110AA}.Debug|Any CPU.ActiveCfg = Debug|Any CPU
		{712B5223-1C2C-4E95-8D39-D63CDD9110AA}.Debug|Any CPU.Build.0 = Debug|Any CPU
		{712B5223-1C2C-4E95-8D39-D63CDD9110AA}.Release|Any CPU.ActiveCfg = Release|Any CPU
		{712B5223-1C2C-4E95-8D39-D63CDD9110AA}.Release|Any CPU.Build.0 = Release|Any CPU
		{48D20FBD-64D7-4AD7-BABB-C3DB3770AD17}.Debug|Any CPU.ActiveCfg = Debug|Any CPU
		{48D20FBD-64D7-4AD7-BABB-C3DB3770AD17}.Debug|Any CPU.Build.0 = Debug|Any CPU
		{48D20FBD-64D7-4AD7-BABB-C3DB3770AD17}.Release|Any CPU.ActiveCfg = Release|Any CPU
		{48D20FBD-64D7-4AD7-BABB-C3DB3770AD17}.Release|Any CPU.Build.0 = Release|Any CPU
		{BD369969-1B5D-4FC1-BCF8-C4BADC177E18}.Debug|Any CPU.ActiveCfg = Debug|Any CPU
		{BD369969-1B5D-4FC1-BCF8-C4BADC177E18}.Debug|Any CPU.Build.0 = Debug|Any CPU
		{BD369969-1B5D-4FC1-BCF8-C4BADC177E18}.Release|Any CPU.ActiveCfg = Release|Any CPU
		{BD369969-1B5D-4FC1-BCF8-C4BADC177E18}.Release|Any CPU.Build.0 = Release|Any CPU
		{13B8F61E-AD2F-4A74-AEE0-8440CCF48C7A}.Debug|Any CPU.ActiveCfg = Debug|Any CPU
		{13B8F61E-AD2F-4A74-AEE0-8440CCF48C7A}.Debug|Any CPU.Build.0 = Debug|Any CPU
		{13B8F61E-AD2F-4A74-AEE0-8440CCF48C7A}.Release|Any CPU.ActiveCfg = Release|Any CPU
		{13B8F61E-AD2F-4A74-AEE0-8440CCF48C7A}.Release|Any CPU.Build.0 = Release|Any CPU
		{B21EFF9C-4245-4988-BEFC-80D503D08930}.Debug|Any CPU.ActiveCfg = Debug|Any CPU
		{B21EFF9C-4245-4988-BEFC-80D503D08930}.Debug|Any CPU.Build.0 = Debug|Any CPU
		{B21EFF9C-4245-4988-BEFC-80D503D08930}.Release|Any CPU.ActiveCfg = Release|Any CPU
		{B21EFF9C-4245-4988-BEFC-80D503D08930}.Release|Any CPU.Build.0 = Release|Any CPU
		{D1043282-52B9-4E51-A9B9-D59F7EFC8B2C}.Debug|Any CPU.ActiveCfg = Debug|Any CPU
		{D1043282-52B9-4E51-A9B9-D59F7EFC8B2C}.Debug|Any CPU.Build.0 = Debug|Any CPU
		{D1043282-52B9-4E51-A9B9-D59F7EFC8B2C}.Release|Any CPU.ActiveCfg = Release|Any CPU
		{D1043282-52B9-4E51-A9B9-D59F7EFC8B2C}.Release|Any CPU.Build.0 = Release|Any CPU
		{974BF287-118B-48DE-A030-D152DF03ABCB}.Debug|Any CPU.ActiveCfg = Debug|Any CPU
		{974BF287-118B-48DE-A030-D152DF03ABCB}.Debug|Any CPU.Build.0 = Debug|Any CPU
		{974BF287-118B-48DE-A030-D152DF03ABCB}.Release|Any CPU.ActiveCfg = Release|Any CPU
		{974BF287-118B-48DE-A030-D152DF03ABCB}.Release|Any CPU.Build.0 = Release|Any CPU
		{2A97577E-7881-4699-9A23-BD52BFABF769}.Debug|Any CPU.ActiveCfg = Debug|Any CPU
		{2A97577E-7881-4699-9A23-BD52BFABF769}.Debug|Any CPU.Build.0 = Debug|Any CPU
		{2A97577E-7881-4699-9A23-BD52BFABF769}.Release|Any CPU.ActiveCfg = Release|Any CPU
		{2A97577E-7881-4699-9A23-BD52BFABF769}.Release|Any CPU.Build.0 = Release|Any CPU
		{CB45169A-64A5-491D-AD2B-FB831CF82F12}.Debug|Any CPU.ActiveCfg = Debug|Any CPU
		{CB45169A-64A5-491D-AD2B-FB831CF82F12}.Debug|Any CPU.Build.0 = Debug|Any CPU
		{CB45169A-64A5-491D-AD2B-FB831CF82F12}.Release|Any CPU.ActiveCfg = Release|Any CPU
		{CB45169A-64A5-491D-AD2B-FB831CF82F12}.Release|Any CPU.Build.0 = Release|Any CPU
	EndGlobalSection
	GlobalSection(NestedProjects) = preSolution
		{49FA4627-2660-4177-831D-87E5D1B05C67} = {8CE48F69-700C-4677-8EC6-DFF46F114683}
		{098E7EC2-8C47-4E45-A520-E15E640FF409} = {8CE48F69-700C-4677-8EC6-DFF46F114683}
		{2DE35E37-C924-47FE-B6A2-072CBE4C280F} = {8CE48F69-700C-4677-8EC6-DFF46F114683}
		{712B5223-1C2C-4E95-8D39-D63CDD9110AA} = {8CE48F69-700C-4677-8EC6-DFF46F114683}
		{BD369969-1B5D-4FC1-BCF8-C4BADC177E18} = {8CE48F69-700C-4677-8EC6-DFF46F114683}
		{B21EFF9C-4245-4988-BEFC-80D503D08930} = {8CE48F69-700C-4677-8EC6-DFF46F114683}
		{974BF287-118B-48DE-A030-D152DF03ABCB} = {8CE48F69-700C-4677-8EC6-DFF46F114683}
		{CB45169A-64A5-491D-AD2B-FB831CF82F12} = {8CE48F69-700C-4677-8EC6-DFF46F114683}
	EndGlobalSection
EndGlobal
